{
  "name": "anode-repl",
  "version": "1.0.0",
  "lockfileVersion": 2,
  "requires": true,
  "packages": {
    "": {
      "name": "anode-repl",
      "version": "1.0.0",
      "license": "MIT",
      "dependencies": {
        "@elzup/kit": "^3.9.0",
        "lodash": "^4.17.21"
      },
      "bin": {
        "anode": "index.js"
      },
      "devDependencies": {
        "@types/lodash": "^4.14.191"
      }
    },
    "node_modules/@elzup/kit": {
      "version": "3.9.0",
      "resolved": "https://registry.npmjs.org/@elzup/kit/-/kit-3.9.0.tgz",
      "integrity": "sha512-phbjRN9+btIYLKawMzZCOzBpqyAMWg4x5JFRqUvnCg+w8PghMCpI6UnrIvuI8k4j6dmYi6txYPmcKWisqJQX7A==",
      "engines": {
        "node": ">=14"
      }
    },
    "node_modules/@types/lodash": {
      "version": "4.14.191",
      "resolved": "https://registry.npmjs.org/@types/lodash/-/lodash-4.14.191.tgz",
      "integrity": "sha512-BdZ5BCCvho3EIXw6wUCXHe7rS53AIDPLE+JzwgT+OsJk53oBfbSmZZ7CX4VaRoN78N+TJpFi9QPlfIVNmJYWxQ==",
      "dev": true
    },
    "node_modules/lodash": {
      "version": "4.17.21",
      "resolved": "https://registry.npmjs.org/lodash/-/lodash-4.17.21.tgz",
      "integrity": "sha512-v2kDEe57lecTulaDIuNTPy3Ry4gLGJ6Z1O3vE1krgXZNrsQ+LFTGHVxVjcXPs17LhbZVGedAJv8XZ1tvj5FvSg=="
    }
  },
  "dependencies": {
    "@elzup/kit": {
      "version": "3.9.0",
      "resolved": "https://registry.npmjs.org/@elzup/kit/-/kit-3.9.0.tgz",
      "integrity": "sha512-phbjRN9+btIYLKawMzZCOzBpqyAMWg4x5JFRqUvnCg+w8PghMCpI6UnrIvuI8k4j6dmYi6txYPmcKWisqJQX7A=="
    },
    "@types/lodash": {
      "version": "4.14.191",
      "resolved": "https://registry.npmjs.org/@types/lodash/-/lodash-4.14.191.tgz",
      "integrity": "sha512-BdZ5BCCvho3EIXw6wUCXHe7rS53AIDPLE+JzwgT+OsJk53oBfbSmZZ7CX4VaRoN78N+TJpFi9QPlfIVNmJYWxQ==",
      "dev": true
    },
    "lodash": {
      "version": "4.17.21",
      "resolved": "https://registry.npmjs.org/lodash/-/lodash-4.17.21.tgz",
      "integrity": "sha512-v2kDEe57lecTulaDIuNTPy3Ry4gLGJ6Z1O3vE1krgXZNrsQ+LFTGHVxVjcXPs17LhbZVGedAJv8XZ1tvj5FvSg=="
    }
  }
}
